dependencies:
- name: postgresql
  repository: https://charts.bitnami.com/bitnami
  version: 14.2.3
- name: prometheus-postgres-exporter
  repository: https://prometheus-community.github.io/helm-charts
  version: 5.3.0
digest: sha256:3b1913c0dded35e451d8f02cfc74a25d6456b6b35d1c32042649e0fecfd2d112
generated: "2024-05-01T21:01:47.898348587+03:00"
