dependencies:
- name: postgresql
  repository: https://charts.bitnami.com/bitnami
  version: 14.2.3
- name: prometheus-postgres-exporter
  repository: https://prometheus-community.github.io/helm-charts
  version: 5.3.0
digest: sha256:28cbadae8224f410480801c9e9caacfacd8e74c7ef280307e42a07aac856a25f
generated: "2024-05-01T21:00:20.083697464+03:00"
