dependencies:
- name: postgresql
  repository: https://charts.bitnami.com/bitnami
  version: 14.2.3
- name: prometheus-postgres-exporter
  repository: https://prometheus-community.github.io/helm-charts
  version: 5.3.0
digest: sha256:bda2ce8d8d8fc0ba21f79b5fbf03e374b785e482e6e02d4d28aba2609ed5cb2b
generated: "2024-05-01T21:03:29.546327113+03:00"
