dependencies:
- name: postgresql
  repository: https://charts.bitnami.com/bitnami
  version: 14.2.3
- name: prometheus-postgres-exporter
  repository: https://prometheus-community.github.io/helm-charts
  version: 5.3.0
digest: sha256:d3070e253ae20b8747aa3d91fa20114e38d3cba01d3348fdf455038ba1ec884c
generated: "2024-05-01T21:04:55.300382459+03:00"
