dependencies:
- name: postgresql
  repository: https://charts.bitnami.com/bitnami
  version: 14.2.3
- name: prometheus-postgres-exporter
  repository: https://prometheus-community.github.io/helm-charts
  version: 5.3.0
digest: sha256:c7ed7d041098eabb0b300893d42898ace18768790925440f24c7c474e26d074b
generated: "2024-05-01T21:04:47.58105057+03:00"
