dependencies:
- name: postgresql
  repository: https://charts.bitnami.com/bitnami
  version: 14.2.3
- name: prometheus-postgres-exporter
  repository: https://prometheus-community.github.io/helm-charts
  version: 5.3.0
digest: sha256:f925c92f609e541f9734c526e18f8d141517788f503221ed0b531dfd07f6bfef
generated: "2024-05-01T21:03:37.947785744+03:00"
